<?xml version="1.0" encoding="utf-8"?>
<Project ToolsVersion="4.0" xmlns="http://schemas.microsoft.com/developer/msbuild/2003">
  <ItemGroup>
    <Filter Include="Source Files">
      <UniqueIdentifier>{4FC737F1-C7A5-4376-A066-2A32D752A2FF}</UniqueIdentifier>
      <Extensions>cpp;c;cc;cxx;def;odl;idl;hpj;bat;asm;asmx</Extensions>
    </Filter>
    <Filter Include="Header Files">
      <UniqueIdentifier>{93995380-89BD-4b04-88EB-625FBE52EBFB}</UniqueIdentifier>
      <Extensions>h;hh;hpp;hxx;hm;inl;inc;xsd</Extensions>
    </Filter>
    <Filter Include="Resource Files">
      <UniqueIdentifier>{67DA6AB6-F800-4c08-8B7A-83BB121AAD01}</UniqueIdentifier>
      <Extensions>rc;ico;cur;bmp;dlg;rc2;rct;bin;rgs;gif;jpg;jpeg;jpe;resx;tiff;tif;png;wav;mfcribbon-ms</Extensions>
    </Filter>
    <Filter Include="Header Files\Scenes">
      <UniqueIdentifier>{3fc465d2-ef06-4561-bec2-7d07badd532e}</UniqueIdentifier>
    </Filter>
    <Filter Include="Source Files\Scenes">
      <UniqueIdentifier>{490fde43-7407-45a6-ac8c-90faaa79b49d}</UniqueIdentifier>
    </Filter>
    <Filter Include="Header Files\Sprites">
      <UniqueIdentifier>{79cdda71-5a5c-4fd3-982e-0a52818a7fbe}</UniqueIdentifier>
    </Filter>
  </ItemGroup>
  <ItemGroup>
    <Text Include="ReadMe.txt" />
  </ItemGroup>
  <ItemGroup>
    <ClInclude Include="stdafx.h">
      <Filter>Header Files</Filter>
    </ClInclude>
    <ClInclude Include="targetver.h">
      <Filter>Header Files</Filter>
    </ClInclude>
    <ClInclude Include="RPGApp.h">
      <Filter>Header Files</Filter>
    </ClInclude>
    <ClInclude Include="Scene.h">
      <Filter>Header Files</Filter>
    </ClInclude>
    <ClInclude Include="MainMenu.h">
      <Filter>Header Files\Scenes</Filter>
    </ClInclude>
    <ClInclude Include="Options.h">
      <Filter>Header Files\Scenes</Filter>
    </ClInclude>
    <ClInclude Include="Level1.h">
      <Filter>Header Files\Scenes</Filter>
    </ClInclude>
    <ClInclude Include="PlayerSprite.h">
      <Filter>Header Files\Sprites</Filter>
    </ClInclude>
    <ClInclude Include="sprites\stuffbg.h">
      <Filter>Header Files\Sprites</Filter>
    </ClInclude>
    <ClInclude Include="sprites\stuff1x1.h">
      <Filter>Header Files\Sprites</Filter>
    </ClInclude>
    <ClInclude Include="sprites\stuff1x2.h">
      <Filter>Header Files\Sprites</Filter>
    </ClInclude>
    <ClInclude Include="sprites\stuff1x3.h">
      <Filter>Header Files\Sprites</Filter>
    </ClInclude>
    <ClInclude Include="sprites\stuff1x4.h">
      <Filter>Header Files\Sprites</Filter>
    </ClInclude>
    <ClInclude Include="sprites\stuff1x5.h">
      <Filter>Header Files\Sprites</Filter>
    </ClInclude>
    <ClInclude Include="sprites\stuff2x1.h">
      <Filter>Header Files\Sprites</Filter>
    </ClInclude>
    <ClInclude Include="sprites\stuff2x2.h">
      <Filter>Header Files\Sprites</Filter>
    </ClInclude>
    <ClInclude Include="sprites\stuff2x3.h">
      <Filter>Header Files\Sprites</Filter>
    </ClInclude>
    <ClInclude Include="sprites\stuff2x4.h">
      <Filter>Header Files\Sprites</Filter>
    </ClInclude>
    <ClInclude Include="sprites\stuff2x5.h">
      <Filter>Header Files\Sprites</Filter>
    </ClInclude>
    <ClInclude Include="sprites\stuff3x1.h">
      <Filter>Header Files\Sprites</Filter>
    </ClInclude>
    <ClInclude Include="sprites\stuff3x2.h">
      <Filter>Header Files\Sprites</Filter>
    </ClInclude>
    <ClInclude Include="sprites\stuff3x3.h">
      <Filter>Header Files\Sprites</Filter>
    </ClInclude>
    <ClInclude Include="sprites\stuff3x4.h">
      <Filter>Header Files\Sprites</Filter>
    </ClInclude>
    <ClInclude Include="sprites\stuff3x5.h">
      <Filter>Header Files\Sprites</Filter>
    </ClInclude>
    <ClInclude Include="sprites\stuff4c1.h">
      <Filter>Header Files\Sprites</Filter>
    </ClInclude>
    <ClInclude Include="sprites\stuff4x1.h">
      <Filter>Header Files\Sprites</Filter>
    </ClInclude>
    <ClInclude Include="sprites\stuff4x2.h">
      <Filter>Header Files\Sprites</Filter>
    </ClInclude>
    <ClInclude Include="sprites\stuff4x3.h">
      <Filter>Header Files\Sprites</Filter>
    </ClInclude>
    <ClInclude Include="sprites\stuff4x4.h">
      <Filter>Header Files\Sprites</Filter>
    </ClInclude>
    <ClInclude Include="sprites\stuff4x5.h">
      <Filter>Header Files\Sprites</Filter>
    </ClInclude>
    <ClInclude Include="sprites\stuff5x1.h">
      <Filter>Header Files\Sprites</Filter>
    </ClInclude>
    <ClInclude Include="sprites\stuff5x2.h">
      <Filter>Header Files\Sprites</Filter>
    </ClInclude>
    <ClInclude Include="sprites\stuff5x3.h">
      <Filter>Header Files\Sprites</Filter>
    </ClInclude>
    <ClInclude Include="sprites\stuff5x4.h">
      <Filter>Header Files\Sprites</Filter>
    </ClInclude>
    <ClInclude Include="sprites\stuff5x5.h">
      <Filter>Header Files\Sprites</Filter>
    </ClInclude>
    <ClInclude Include="Level2.h">
      <Filter>Header Files\Scenes</Filter>
    </ClInclude>
  </ItemGroup>
  <ItemGroup>
    <ClCompile Include="stdafx.cpp">
      <Filter>Source Files</Filter>
    </ClCompile>
    <ClCompile Include="RPGConsole.cpp">
      <Filter>Source Files</Filter>
    </ClCompile>
    <ClCompile Include="RPGApp.cpp">
      <Filter>Source Files</Filter>
    </ClCompile>
    <ClCompile Include="Scene.cpp">
      <Filter>Source Files</Filter>
    </ClCompile>
    <ClCompile Include="MainMenu.cpp">
      <Filter>Source Files\Scenes</Filter>
    </ClCompile>
    <ClCompile Include="Options.cpp">
      <Filter>Source Files\Scenes</Filter>
    </ClCompile>
    <ClCompile Include="Level1.cpp">
      <Filter>Source Files\Scenes</Filter>
    </ClCompile>
    <ClCompile Include="Level2.cpp">
      <Filter>Source Files\Scenes</Filter>
    </ClCompile>
  </ItemGroup>
</Project>